
Microsoft Visual Studio Solution File, Format Version 12.00
# Visual Studio Version 17
VisualStudioVersion = 17.6.33829.357
MinimumVisualStudioVersion = 10.0.40219.1
Project("{FAE04EC0-301F-11D3-BF4B-00C04F79EFBC}") = "WebApiProyecto", "WebApiProyecto\WebApiProyecto.csproj", "{91138FB6-BFF9-4DB6-8339-04DC2166B334}"
EndProject
Project("{FAE04EC0-301F-11D3-BF4B-00C04F79EFBC}") = "CapaDatos", "CapaDatos\CapaDatos.csproj", "{215A71BF-F666-40DF-B9E8-C7521095CB90}"
EndProject
Project("{FAE04EC0-301F-11D3-BF4B-00C04F79EFBC}") = "CapaEntidad", "CapaEntidad\CapaEntidad.csproj", "{C48B1F65-4321-4424-A262-F63965756BDE}"
EndProject
Project("{FAE04EC0-301F-11D3-BF4B-00C04F79EFBC}") = "CapaLogica", "CapaLogica\CapaLogica.csproj", "{F9A9E504-77FD-4C41-990F-468013FBCD6A}"
EndProject
Project("{FAE04EC0-301F-11D3-BF4B-00C04F79EFBC}") = "CapaTools", "CapaTools\CapaTools.csproj", "{390E811A-7E5C-4CE0-B07D-915CDBD6D2B1}"
EndProject
Global
	GlobalSection(SolutionConfigurationPlatforms) = preSolution
		Debug|Any CPU = Debug|Any CPU
		Release|Any CPU = Release|Any CPU
	EndGlobalSection
	GlobalSection(ProjectConfigurationPlatforms) = postSolution
		{91138FB6-BFF9-4DB6-8339-04DC2166B334}.Debug|Any CPU.ActiveCfg = Debug|Any CPU
		{91138FB6-BFF9-4DB6-8339-04DC2166B334}.Debug|Any CPU.Build.0 = Debug|Any CPU
		{91138FB6-BFF9-4DB6-8339-04DC2166B334}.Release|Any CPU.ActiveCfg = Release|Any CPU
		{91138FB6-BFF9-4DB6-8339-04DC2166B334}.Release|Any CPU.Build.0 = Release|Any CPU
		{215A71BF-F666-40DF-B9E8-C7521095CB90}.Debug|Any CPU.ActiveCfg = Debug|Any CPU
		{215A71BF-F666-40DF-B9E8-C7521095CB90}.Debug|Any CPU.Build.0 = Debug|Any CPU
		{215A71BF-F666-40DF-B9E8-C7521095CB90}.Release|Any CPU.ActiveCfg = Release|Any CPU
		{215A71BF-F666-40DF-B9E8-C7521095CB90}.Release|Any CPU.Build.0 = Release|Any CPU
		{C48B1F65-4321-4424-A262-F63965756BDE}.Debug|Any CPU.ActiveCfg = Debug|Any CPU
		{C48B1F65-4321-4424-A262-F63965756BDE}.Debug|Any CPU.Build.0 = Debug|Any CPU
		{C48B1F65-4321-4424-A262-F63965756BDE}.Release|Any CPU.ActiveCfg = Release|Any CPU
		{C48B1F65-4321-4424-A262-F63965756BDE}.Release|Any CPU.Build.0 = Release|Any CPU
		{F9A9E504-77FD-4C41-990F-468013FBCD6A}.Debug|Any CPU.ActiveCfg = Debug|Any CPU
		{F9A9E504-77FD-4C41-990F-468013FBCD6A}.Debug|Any CPU.Build.0 = Debug|Any CPU
		{F9A9E504-77FD-4C41-990F-468013FBCD6A}.Release|Any CPU.ActiveCfg = Release|Any CPU
		{F9A9E504-77FD-4C41-990F-468013FBCD6A}.Release|Any CPU.Build.0 = Release|Any CPU
		{390E811A-7E5C-4CE0-B07D-915CDBD6D2B1}.Debug|Any CPU.ActiveCfg = Debug|Any CPU
		{390E811A-7E5C-4CE0-B07D-915CDBD6D2B1}.Debug|Any CPU.Build.0 = Debug|Any CPU
		{390E811A-7E5C-4CE0-B07D-915CDBD6D2B1}.Release|Any CPU.ActiveCfg = Release|Any CPU
		{390E811A-7E5C-4CE0-B07D-915CDBD6D2B1}.Release|Any CPU.Build.0 = Release|Any CPU
	EndGlobalSection
	GlobalSection(SolutionProperties) = preSolution
		HideSolutionNode = FALSE
	EndGlobalSection
	GlobalSection(ExtensibilityGlobals) = postSolution
		SolutionGuid = {52A48198-6194-438B-8DA8-B64DD4233F7D}
	EndGlobalSection
EndGlobal
